PODS:
  - AppAuth (1.6.2):
    - AppAuth/Core (= 1.6.2)
    - AppAuth/ExternalUserAgent (= 1.6.2)
  - AppAuth/Core (1.6.2)
  - AppAuth/ExternalUserAgent (1.6.2):
    - AppAuth/Core
  - Firebase/Analytics (10.12.0):
    - Firebase/Core
  - Firebase/Auth (10.12.0):
    - Firebase/CoreOnly
    - FirebaseAuth (~> 10.12.0)
  - Firebase/Core (10.12.0):
    - Firebase/CoreOnly
    - FirebaseAnalytics (~> 10.12.0)
  - Firebase/CoreOnly (10.12.0):
    - FirebaseCore (= 10.12.0)
  - firebase_analytics (10.4.5):
    - Firebase/Analytics (= 10.12.0)
    - firebase_core
    - Flutter
  - firebase_auth (4.9.0):
    - Firebase/Auth (= 10.12.0)
    - firebase_core
    - Flutter
  - firebase_core (2.15.1):
    - Firebase/CoreOnly (= 10.12.0)
    - Flutter
  - FirebaseAnalytics (10.12.0):
    - FirebaseAnalytics/AdIdSupport (= 10.12.0)
    - FirebaseCore (~> 10.0)
    - FirebaseInstallations (~> 10.0)
    - GoogleUtilities/AppDelegateSwizzler (~> 7.11)
    - GoogleUtilities/MethodSwizzler (~> 7.11)
    - GoogleUtilities/Network (~> 7.11)
    - "GoogleUtilities/NSData+zlib (~> 7.11)"
    - nanopb (< 2.30910.0, >= 2.30908.0)
  - FirebaseAnalytics/AdIdSupport (10.12.0):
    - FirebaseCore (~> 10.0)
    - FirebaseInstallations (~> 10.0)
    - GoogleAppMeasurement (= 10.12.0)
    - GoogleUtilities/AppDelegateSwizzler (~> 7.11)
    - GoogleUtilities/MethodSwizzler (~> 7.11)
    - GoogleUtilities/Network (~> 7.11)
    - "GoogleUtilities/NSData+zlib (~> 7.11)"
    - nanopb (< 2.30910.0, >= 2.30908.0)
  - FirebaseAppCheckInterop (10.14.0)
  - FirebaseAuth (10.12.0):
    - FirebaseAppCheckInterop (~> 10.0)
    - FirebaseCore (~> 10.0)
    - GoogleUtilities/AppDelegateSwizzler (~> 7.8)
    - GoogleUtilities/Environment (~> 7.8)
    - GTMSessionFetcher/Core (< 4.0, >= 2.1)
  - FirebaseCore (10.12.0):
    - FirebaseCoreInternal (~> 10.0)
    - GoogleUtilities/Environment (~> 7.8)
    - GoogleUtilities/Logger (~> 7.8)
  - FirebaseCoreInternal (10.14.0):
    - "GoogleUtilities/NSData+zlib (~> 7.8)"
  - FirebaseInstallations (10.14.0):
    - FirebaseCore (~> 10.0)
    - GoogleUtilities/Environment (~> 7.8)
    - GoogleUtilities/UserDefaults (~> 7.8)
    - PromisesObjC (~> 2.1)
  - Flutter (1.0.0)
  - flutter_image_compress_common (1.0.0):
    - Flutter
    - Mantle
    - SDWebImage
    - SDWebImageWebPCoder
  - FMDB (2.7.5):
    - FMDB/standard (= 2.7.5)
  - FMDB/standard (2.7.5)
  - google_sign_in_ios (0.0.1):
    - Flutter
    - GoogleSignIn (~> 6.2)
  - GoogleAppMeasurement (10.12.0):
    - GoogleAppMeasurement/AdIdSupport (= 10.12.0)
    - GoogleUtilities/AppDelegateSwizzler (~> 7.11)
    - GoogleUtilities/MethodSwizzler (~> 7.11)
    - GoogleUtilities/Network (~> 7.11)
    - "GoogleUtilities/NSData+zlib (~> 7.11)"
    - nanopb (< 2.30910.0, >= 2.30908.0)
  - GoogleAppMeasurement/AdIdSupport (10.12.0):
    - GoogleAppMeasurement/WithoutAdIdSupport (= 10.12.0)
    - GoogleUtilities/AppDelegateSwizzler (~> 7.11)
    - GoogleUtilities/MethodSwizzler (~> 7.11)
    - GoogleUtilities/Network (~> 7.11)
    - "GoogleUtilities/NSData+zlib (~> 7.11)"
    - nanopb (< 2.30910.0, >= 2.30908.0)
  - GoogleAppMeasurement/WithoutAdIdSupport (10.12.0):
    - GoogleUtilities/AppDelegateSwizzler (~> 7.11)
    - GoogleUtilities/MethodSwizzler (~> 7.11)
    - GoogleUtilities/Network (~> 7.11)
    - "GoogleUtilities/NSData+zlib (~> 7.11)"
    - nanopb (< 2.30910.0, >= 2.30908.0)
  - GoogleSignIn (6.2.4):
    - AppAuth (~> 1.5)
    - GTMAppAuth (~> 1.3)
    - GTMSessionFetcher/Core (< 3.0, >= 1.1)
  - GoogleUtilities/AppDelegateSwizzler (7.11.5):
    - GoogleUtilities/Environment
    - GoogleUtilities/Logger
    - GoogleUtilities/Network
  - GoogleUtilities/Environment (7.11.5):
    - PromisesObjC (< 3.0, >= 1.2)
  - GoogleUtilities/Logger (7.11.5):
    - GoogleUtilities/Environment
  - GoogleUtilities/MethodSwizzler (7.11.5):
    - GoogleUtilities/Logger
  - GoogleUtilities/Network (7.11.5):
    - GoogleUtilities/Logger
    - "GoogleUtilities/NSData+zlib"
    - GoogleUtilities/Reachability
  - "GoogleUtilities/NSData+zlib (7.11.5)"
  - GoogleUtilities/Reachability (7.11.5):
    - GoogleUtilities/Logger
  - GoogleUtilities/UserDefaults (7.11.5):
    - GoogleUtilities/Logger
  - GTMAppAuth (1.3.1):
    - AppAuth/Core (~> 1.6)
    - GTMSessionFetcher/Core (< 3.0, >= 1.5)
  - GTMSessionFetcher/Core (2.3.0)
  - image_picker_ios (0.0.1):
    - Flutter
  - in_app_purchase_storekit (0.0.1):
    - Flutter
    - FlutterMacOS
  - libwebp (1.2.4):
    - libwebp/demux (= 1.2.4)
    - libwebp/mux (= 1.2.4)
    - libwebp/webp (= 1.2.4)
  - libwebp/demux (1.2.4):
    - libwebp/webp
  - libwebp/mux (1.2.4):
    - libwebp/demux
  - libwebp/webp (1.2.4)
  - Mantle (2.2.0):
    - Mantle/extobjc (= 2.2.0)
  - Mantle/extobjc (2.2.0)
  - nanopb (2.30909.0):
    - nanopb/decode (= 2.30909.0)
    - nanopb/encode (= 2.30909.0)
  - nanopb/decode (2.30909.0)
  - nanopb/encode (2.30909.0)
  - newrelic_mobile (1.0.0):
    - Flutter
    - NewRelicAgent (= 7.4.4)
  - NewRelicAgent (7.4.4)
  - path_provider_foundation (0.0.1):
    - Flutter
    - FlutterMacOS
  - PromisesObjC (2.3.1)
  - SDWebImage (5.16.0):
    - SDWebImage/Core (= 5.16.0)
  - SDWebImage/Core (5.16.0)
  - SDWebImageWebPCoder (0.12.0):
    - libwebp (~> 1.0)
    - SDWebImage/Core (~> 5.16)
  - shared_preferences_foundation (0.0.1):
    - Flutter
    - FlutterMacOS
  - sqflite (0.0.3):
    - Flutter
    - FMDB (>= 2.7.5)
  - url_launcher_ios (0.0.1):
    - Flutter
  - video_compress (0.3.0):
    - Flutter
  - video_player_avfoundation (0.0.1):
    - Flutter

DEPENDENCIES:
  - firebase_analytics (from `.symlinks/plugins/firebase_analytics/ios`)
  - firebase_auth (from `.symlinks/plugins/firebase_auth/ios`)
  - firebase_core (from `.symlinks/plugins/firebase_core/ios`)
  - Flutter (from `Flutter`)
  - flutter_image_compress_common (from `.symlinks/plugins/flutter_image_compress_common/ios`)
  - google_sign_in_ios (from `.symlinks/plugins/google_sign_in_ios/ios`)
  - image_picker_ios (from `.symlinks/plugins/image_picker_ios/ios`)
  - in_app_purchase_storekit (from `.symlinks/plugins/in_app_purchase_storekit/darwin`)
  - newrelic_mobile (from `.symlinks/plugins/newrelic_mobile/ios`)
  - path_provider_foundation (from `.symlinks/plugins/path_provider_foundation/darwin`)
  - shared_preferences_foundation (from `.symlinks/plugins/shared_preferences_foundation/darwin`)
  - sqflite (from `.symlinks/plugins/sqflite/ios`)
  - url_launcher_ios (from `.symlinks/plugins/url_launcher_ios/ios`)
  - video_compress (from `.symlinks/plugins/video_compress/ios`)
  - video_player_avfoundation (from `.symlinks/plugins/video_player_avfoundation/ios`)

SPEC REPOS:
  trunk:
    - AppAuth
    - Firebase
    - FirebaseAnalytics
    - FirebaseAppCheckInterop
    - FirebaseAuth
    - FirebaseCore
    - FirebaseCoreInternal
    - FirebaseInstallations
    - FMDB
    - GoogleAppMeasurement
    - GoogleSignIn
    - GoogleUtilities
    - GTMAppAuth
    - GTMSessionFetcher
    - libwebp
    - Mantle
    - nanopb
    - NewRelicAgent
    - PromisesObjC
    - SDWebImage
    - SDWebImageWebPCoder

EXTERNAL SOURCES:
  firebase_analytics:
    :path: ".symlinks/plugins/firebase_analytics/ios"
  firebase_auth:
    :path: ".symlinks/plugins/firebase_auth/ios"
  firebase_core:
    :path: ".symlinks/plugins/firebase_core/ios"
  Flutter:
    :path: Flutter
  flutter_image_compress_common:
    :path: ".symlinks/plugins/flutter_image_compress_common/ios"
  google_sign_in_ios:
    :path: ".symlinks/plugins/google_sign_in_ios/ios"
  image_picker_ios:
    :path: ".symlinks/plugins/image_picker_ios/ios"
  in_app_purchase_storekit:
    :path: ".symlinks/plugins/in_app_purchase_storekit/darwin"
  newrelic_mobile:
    :path: ".symlinks/plugins/newrelic_mobile/ios"
  path_provider_foundation:
    :path: ".symlinks/plugins/path_provider_foundation/darwin"
  shared_preferences_foundation:
    :path: ".symlinks/plugins/shared_preferences_foundation/darwin"
  sqflite:
    :path: ".symlinks/plugins/sqflite/ios"
  url_launcher_ios:
    :path: ".symlinks/plugins/url_launcher_ios/ios"
  video_compress:
    :path: ".symlinks/plugins/video_compress/ios"
  video_player_avfoundation:
    :path: ".symlinks/plugins/video_player_avfoundation/ios"

SPEC CHECKSUMS:
  AppAuth: 3bb1d1cd9340bd09f5ed189fb00b1cc28e1e8570
  Firebase: 07150e75d142fb9399f6777fa56a187b17f833a0
  firebase_analytics: 3bdcd8b68b7b8ccf28bbcdcfb994309f6232f873
  firebase_auth: 097a2440d40bed75f4dfe4cb91b4d98349509b47
  firebase_core: 4a3246a02f828a01c74a2c26427037786d90f17f
  FirebaseAnalytics: 0270389efbe3022b54ec4588862dabec3477ee98
  FirebaseAppCheckInterop: c87f1d5421c852413dd936b2b2340b21e62501a0
  FirebaseAuth: a66c1e14ec58f41d154a4b41ce1a23ea00ad4805
  FirebaseCore: f86a1394906b97ac445ae49c92552a9425831bed
  FirebaseCoreInternal: d558159ee6cc4b823c2296ecc193de9f6d9a5bb3
  FirebaseInstallations: f672b1eda64e6381c21d424a2f680a943fd83f3b
  Flutter: f04841e97a9d0b0a8025694d0796dd46242b2854
  flutter_image_compress_common: ec1d45c362c9d30a3f6a0426c297f47c52007e3e
  FMDB: 2ce00b547f966261cd18927a3ddb07cb6f3db82a
  google_sign_in_ios: 1256ff9d941db546373826966720b0c24804bcdd
  GoogleAppMeasurement: 2d800fab85e7848b1e66a6f8ce5bca06c5aad892
  GoogleSignIn: 5651ce3a61e56ca864160e79b484cd9ed3f49b7a
  GoogleUtilities: 13e2c67ede716b8741c7989e26893d151b2b2084
  GTMAppAuth: 0ff230db599948a9ad7470ca667337803b3fc4dd
  GTMSessionFetcher: 3a63d75eecd6aa32c2fc79f578064e1214dfdec2
  image_picker_ios: 4a8aadfbb6dc30ad5141a2ce3832af9214a705b5
  in_app_purchase_storekit: 4fb7ee9e824b1f09107fbfbbce8c4b276366dc43
  libwebp: f62cb61d0a484ba548448a4bd52aabf150ff6eef
  Mantle: c5aa8794a29a022dfbbfc9799af95f477a69b62d
  nanopb: b552cce312b6c8484180ef47159bc0f65a1f0431
  newrelic_mobile: 67922a5ec29746a6e39997376fb45dd86ab8fa0c
  NewRelicAgent: 9e130c96f4de80f535cec47e6fb1d0a765e92a92
  path_provider_foundation: 29f094ae23ebbca9d3d0cec13889cd9060c0e943
  PromisesObjC: c50d2056b5253dadbd6c2bea79b0674bd5a52fa4
  SDWebImage: 2aea163b50bfcb569a2726b6a754c54a4506fcf6
  SDWebImageWebPCoder: f0f287cee4cd96a59937fbf3c77a8cfda9ba67b0
  shared_preferences_foundation: 5b919d13b803cadd15ed2dc053125c68730e5126
  sqflite: 31f7eba61e3074736dff8807a9b41581e4f7f15a
  url_launcher_ios: 08a3dfac5fb39e8759aeb0abbd5d9480f30fc8b4
  video_compress: fce97e4fb1dfd88175aa07d2ffc8a2f297f87fbe
  video_player_avfoundation: 81e49bb3d9fb63dccf9fa0f6d877dc3ddbeac126

PODFILE CHECKSUM: 21b64fbb12492d731c9be90cbe0f2d328bef4b49

COCOAPODS: 1.11.3
